DEPENDENCIES
  chef-client
  chef_handler
  dashing (~> 0.1.0)
  hostsfile
  logging
    git: git@github.com:JustGiving/cookbook-logging.git
    revision: 693b2f556e6cb2011ad79ccae69ad80f7301c970
  minitest-handler
  sample
    path: .
    metadata: true
  sysctl
  windows

GRAPH
  apt (2.7.0)
  chef-client (4.3.0)
    cron (>= 1.2.0)
    logrotate (>= 1.2.0)
    windows (~> 1.11)
  chef_handler (1.1.8)
  chocolatey (0.3.0)
    windows (~> 1.31)
  cron (1.6.1)
  dashing (0.1.0)
  hostsfile (2.4.5)
  logging (0.0.1)
    apt (>= 0.0.0)
    chocolatey (>= 0.0.0)
    windows (>= 0.0.0)
  logrotate (1.9.1)
  minitest-handler (1.3.2)
    chef_handler (>= 0.0.0)
  ohai (2.0.1)
  sample (0.1.0)
    chef-client (>= 0.0.0)
    chef_handler (>= 0.0.0)
    dashing (>= 0.0.0)
  sysctl (0.6.2)
    ohai (>= 0.0.0)
  windows (1.37.0)
    chef_handler (>= 0.0.0)
